{
  "name": "@writetome51/alphabetize-by-property",
  "version": "1.1.0",
  "lockfileVersion": 1,
  "requires": true,
  "dependencies": {
    "@writetome51/get-array-from-property": {
      "version": "1.1.0",
      "resolved": "https://registry.npmjs.org/@writetome51/get-array-from-property/-/get-array-from-property-1.1.0.tgz",
      "integrity": "sha512-pwD0x0h8gpXcOA1Vxxi1Cp+qj/0oTSPWlzEQc3xAS/GMoQXJzlteukXyK1G3wu7/hRXxGv4W3kJlCj2kJwTIog==",
      "dev": true,
      "requires": {
        "@writetome51/get-property": "~1.0.1",
        "error-if-not-populated-array": "~1.0.1"
      }
    },
    "@writetome51/get-property": {
      "version": "1.0.1",
      "resolved": "https://registry.npmjs.org/@writetome51/get-property/-/get-property-1.0.1.tgz",
      "integrity": "sha512-mQoSd0sRIR3hSKZYx+lD3VvfLNpcUHRYrdROGwUctur0yA4tFWEIN0PXf7Ns4yT9rl9A44SwjMEYexS89U44eg==",
      "requires": {
        "basic-data-handling": "~1.0.13"
      }
    },
    "basic-data-handling": {
      "version": "1.0.13",
      "resolved": "https://registry.npmjs.org/basic-data-handling/-/basic-data-handling-1.0.13.tgz",
      "integrity": "sha512-YRXUq0keESBb4XXzFAStPYJjviRx6CPPSzT/EfpMOLRfBrhnbBeKD2n+kfZyw2zvjreClf16xPF0tDjiLO+ogw=="
    },
    "error-if-not-populated-array": {
      "version": "1.0.1",
      "resolved": "https://registry.npmjs.org/error-if-not-populated-array/-/error-if-not-populated-array-1.0.1.tgz",
      "integrity": "sha512-XKN0WUVUNrDOsB1PuBRQJ4/tVOeFceioLm+QPOpCkQaZlD9vVYZf+pRrFIoiqzVno7bx7AI2lNIfMWf7gRarvg==",
      "dev": true,
      "requires": {
        "basic-data-handling": "~1.0.13"
      }
    }
  }
}
